{
  "name": "mothership-workspace",
  "version": "0.1.0",
  "lockfileVersion": 3,
  "requires": true,
  "packages": {
    "": {
      "name": "mothership-workspace",
      "version": "0.1.0",
      "hasInstallScript": true,
      "workspaces": [
        "apps/game",
        "services/game-api",
        "packages/engine",
        "packages/contracts",
        "packages/presentation",
        "packages/design-tokens",
        "infra/firebase",
        "tools/balance"
      ],
      "devDependencies": {
        "@types/node": "22.19.19",
        "typescript": "5.9.3"
      },
      "engines": {
        "node": "22.21.1",
        "npm": "10.9.4"
      }
    },
    "apps/game": {
      "name": "@mothership/game",
      "version": "0.1.0",
      "dependencies": {
        "@mothership/contracts": "0.1.0",
        "@mothership/design-tokens": "0.1.0",
        "@mothership/presentation": "0.1.0"
      }
    },
    "infra/firebase": {
      "name": "@mothership/firebase",
      "version": "0.1.0"
    },
    "node_modules/@mothership/balance": {
      "resolved": "tools/balance",
      "link": true
    },
    "node_modules/@mothership/contracts": {
      "resolved": "packages/contracts",
      "link": true
    },
    "node_modules/@mothership/design-tokens": {
      "resolved": "packages/design-tokens",
      "link": true
    },
    "node_modules/@mothership/engine": {
      "resolved": "packages/engine",
      "link": true
    },
    "node_modules/@mothership/firebase": {
      "resolved": "infra/firebase",
      "link": true
    },
    "node_modules/@mothership/game": {
      "resolved": "apps/game",
      "link": true
    },
    "node_modules/@mothership/game-api": {
      "resolved": "services/game-api",
      "link": true
    },
    "node_modules/@mothership/presentation": {
      "resolved": "packages/presentation",
      "link": true
    },
    "node_modules/@types/node": {
      "version": "22.19.19",
      "resolved": "https://registry.npmjs.org/@types/node/-/node-22.19.19.tgz",
      "integrity": "sha512-dyh/xO2Fh5bYrfWaaqGrRQQGkNdmYw6AmaAUvYeUMNTWQtvb796ikLdmTchRmOlOiIJ1TDXfWgVx1QkUlQ6Hew==",
      "dev": true,
      "license": "MIT",
      "dependencies": {
        "undici-types": "~6.21.0"
      }
    },
    "node_modules/typescript": {
      "version": "5.9.3",
      "resolved": "https://registry.npmjs.org/typescript/-/typescript-5.9.3.tgz",
      "integrity": "sha512-jl1vZzPDinLr9eUt3J/t7V6FgNEw9QjvBPdysz9KfQDD41fQrC2Y4vKQdiaUpFT4bXlb1RHhLpp8wtm6M5TgSw==",
      "dev": true,
      "license": "Apache-2.0",
      "bin": {
        "tsc": "bin/tsc",
        "tsserver": "bin/tsserver"
      },
      "engines": {
        "node": ">=14.17"
      }
    },
    "node_modules/undici-types": {
      "version": "6.21.0",
      "resolved": "https://registry.npmjs.org/undici-types/-/undici-types-6.21.0.tgz",
      "integrity": "sha512-iwDZqg0QAGrg9Rav5H4n0M64c3mkR59cJ6wQp+7C4nI0gsmExaedaYLNO44eT4AtBBwjbTiGPMlt2Md0T9H9JQ==",
      "dev": true,
      "license": "MIT"
    },
    "node_modules/zod": {
      "version": "4.1.12",
      "resolved": "https://registry.npmjs.org/zod/-/zod-4.1.12.tgz",
      "integrity": "sha512-JInaHOamG8pt5+Ey8kGmdcAcg3OL9reK8ltczgHTAwNhMys/6ThXHityHxVV2p3fkw/c+MAvBHFVYHFZDmjMCQ==",
      "license": "MIT",
      "funding": {
        "url": "https://github.com/sponsors/colinhacks"
      }
    },
    "packages/contracts": {
      "name": "@mothership/contracts",
      "version": "0.1.0",
      "dependencies": {
        "zod": "4.1.12"
      }
    },
    "packages/design-tokens": {
      "name": "@mothership/design-tokens",
      "version": "0.1.0"
    },
    "packages/engine": {
      "name": "@mothership/engine",
      "version": "0.1.0",
      "dependencies": {
        "@mothership/contracts": "0.1.0"
      }
    },
    "packages/presentation": {
      "name": "@mothership/presentation",
      "version": "0.1.0",
      "dependencies": {
        "@mothership/contracts": "0.1.0"
      }
    },
    "services/game-api": {
      "name": "@mothership/game-api",
      "version": "0.1.0",
      "dependencies": {
        "@mothership/contracts": "0.1.0",
        "@mothership/engine": "0.1.0"
      }
    },
    "tools/balance": {
      "name": "@mothership/balance",
      "version": "0.1.0",
      "dependencies": {
        "@mothership/contracts": "0.1.0",
        "@mothership/engine": "0.1.0"
      }
    }
  }
}
